
Microsoft Visual Studio Solution File, Format Version 12.00
# Visual Studio Version 17
VisualStudioVersion = 17.0.31919.166
MinimumVisualStudioVersion = 10.0.40219.1
Project("{9A19103F-16F7-4668-BE54-9A1E7A4F7556}") = "DuckDuckJump", "DragonGame\DuckDuckJump.csproj", "{35498525-1C3F-4BA1-903D-B39B802CB939}"
EndProject
Project("{FAE04EC0-301F-11D3-BF4B-00C04F79EFBC}") = "ScoringServer", "ScoringServer\ScoringServer.csproj", "{C231C93D-3272-48A8-95D1-D49520AB944B}"
EndProject
Project("{FAE04EC0-301F-11D3-BF4B-00C04F79EFBC}") = "Common", "Common\Common.csproj", "{EA9AE896-E7B3-42AE-916E-C338CE765384}"
EndProject
Global
	GlobalSection(SolutionConfigurationPlatforms) = preSolution
		Debug|Any CPU = Debug|Any CPU
		Release|Any CPU = Release|Any CPU
	EndGlobalSection
	GlobalSection(ProjectConfigurationPlatforms) = postSolution
		{35498525-1C3F-4BA1-903D-B39B802CB939}.Debug|Any CPU.ActiveCfg = Debug|Any CPU
		{35498525-1C3F-4BA1-903D-B39B802CB939}.Debug|Any CPU.Build.0 = Debug|Any CPU
		{35498525-1C3F-4BA1-903D-B39B802CB939}.Release|Any CPU.ActiveCfg = Release|Any CPU
		{35498525-1C3F-4BA1-903D-B39B802CB939}.Release|Any CPU.Build.0 = Release|Any CPU
		{C231C93D-3272-48A8-95D1-D49520AB944B}.Debug|Any CPU.ActiveCfg = Debug|Any CPU
		{C231C93D-3272-48A8-95D1-D49520AB944B}.Debug|Any CPU.Build.0 = Debug|Any CPU
		{C231C93D-3272-48A8-95D1-D49520AB944B}.Release|Any CPU.ActiveCfg = Release|Any CPU
		{C231C93D-3272-48A8-95D1-D49520AB944B}.Release|Any CPU.Build.0 = Release|Any CPU
		{EA9AE896-E7B3-42AE-916E-C338CE765384}.Debug|Any CPU.ActiveCfg = Debug|Any CPU
		{EA9AE896-E7B3-42AE-916E-C338CE765384}.Debug|Any CPU.Build.0 = Debug|Any CPU
		{EA9AE896-E7B3-42AE-916E-C338CE765384}.Release|Any CPU.ActiveCfg = Release|Any CPU
		{EA9AE896-E7B3-42AE-916E-C338CE765384}.Release|Any CPU.Build.0 = Release|Any CPU
	EndGlobalSection
	GlobalSection(SolutionProperties) = preSolution
		HideSolutionNode = FALSE
	EndGlobalSection
	GlobalSection(ExtensibilityGlobals) = postSolution
		SolutionGuid = {39B57E5C-5DA1-4A33-9BD4-1C885F9102B2}
	EndGlobalSection
EndGlobal
